
Microsoft Visual Studio Solution File, Format Version 12.00
# Visual Studio Version 16
VisualStudioVersion = 16.0.30225.117
MinimumVisualStudioVersion = 10.0.40219.1
Project("{9A19103F-16F7-4668-BE54-9A1E7A4F7556}") = "Infrastructure.Common", "Infrastructure.Common\Infrastructure.Common.csproj", "{D95D568A-2878-45C0-9A49-856513896994}"
EndProject
Project("{9A19103F-16F7-4668-BE54-9A1E7A4F7556}") = "DAL.EntityFramework", "DAL.EntityFramework\DAL.EntityFramework.csproj", "{EC8079BB-7336-464A-ABEE-AF48BE05BEF4}"
EndProject
Project("{9A19103F-16F7-4668-BE54-9A1E7A4F7556}") = "DAL.Common", "DAL.Common\DAL.Common.csproj", "{B3168267-A438-45EF-AABE-916B4AB7BCC1}"
EndProject
Project("{9A19103F-16F7-4668-BE54-9A1E7A4F7556}") = "GraphQL.API", "MtGProject.API\GraphQL.API.csproj", "{950DEC01-64E2-43C2-B5D2-8F0137E17F5D}"
EndProject
Project("{9A19103F-16F7-4668-BE54-9A1E7A4F7556}") = "GraphQL.Utilities", "GraphQL.Utilities\GraphQL.Utilities.csproj", "{2894ED02-FE8A-4E55-AD3A-DB9E1F11D7A4}"
EndProject
Project("{2150E333-8FDC-42A3-9474-1A3956D46DE8}") = "GraphQL", "GraphQL", "{0CEFEE55-66A4-459C-8FFF-4625D392A735}"
EndProject
Project("{2150E333-8FDC-42A3-9474-1A3956D46DE8}") = "DAL", "DAL", "{CC9DF816-9658-418E-BC66-F40FAF357770}"
EndProject
Project("{9A19103F-16F7-4668-BE54-9A1E7A4F7556}") = "GraphQL.Types", "GraphQL.Types\GraphQL.Types.csproj", "{D4341ADE-C9E7-496D-8C27-E08412B0DCD4}"
EndProject
Project("{FAE04EC0-301F-11D3-BF4B-00C04F79EFBC}") = "BusinessLayer", "BusinessLayer\BusinessLayer.csproj", "{8048FD55-4079-4A6E-86DA-A8FD965186BC}"
EndProject
Global
	GlobalSection(SolutionConfigurationPlatforms) = preSolution
		Debug|Any CPU = Debug|Any CPU
		Debug|iPhone = Debug|iPhone
		Debug|iPhoneSimulator = Debug|iPhoneSimulator
		Release|Any CPU = Release|Any CPU
		Release|iPhone = Release|iPhone
		Release|iPhoneSimulator = Release|iPhoneSimulator
	EndGlobalSection
	GlobalSection(ProjectConfigurationPlatforms) = postSolution
		{D95D568A-2878-45C0-9A49-856513896994}.Debug|Any CPU.ActiveCfg = Debug|Any CPU
		{D95D568A-2878-45C0-9A49-856513896994}.Debug|Any CPU.Build.0 = Debug|Any CPU
		{D95D568A-2878-45C0-9A49-856513896994}.Debug|iPhone.ActiveCfg = Debug|Any CPU
		{D95D568A-2878-45C0-9A49-856513896994}.Debug|iPhone.Build.0 = Debug|Any CPU
		{D95D568A-2878-45C0-9A49-856513896994}.Debug|iPhoneSimulator.ActiveCfg = Debug|Any CPU
		{D95D568A-2878-45C0-9A49-856513896994}.Debug|iPhoneSimulator.Build.0 = Debug|Any CPU
		{D95D568A-2878-45C0-9A49-856513896994}.Release|Any CPU.ActiveCfg = Release|Any CPU
		{D95D568A-2878-45C0-9A49-856513896994}.Release|Any CPU.Build.0 = Release|Any CPU
		{D95D568A-2878-45C0-9A49-856513896994}.Release|iPhone.ActiveCfg = Release|Any CPU
		{D95D568A-2878-45C0-9A49-856513896994}.Release|iPhone.Build.0 = Release|Any CPU
		{D95D568A-2878-45C0-9A49-856513896994}.Release|iPhoneSimulator.ActiveCfg = Release|Any CPU
		{D95D568A-2878-45C0-9A49-856513896994}.Release|iPhoneSimulator.Build.0 = Release|Any CPU
		{EC8079BB-7336-464A-ABEE-AF48BE05BEF4}.Debug|Any CPU.ActiveCfg = Debug|Any CPU
		{EC8079BB-7336-464A-ABEE-AF48BE05BEF4}.Debug|Any CPU.Build.0 = Debug|Any CPU
		{EC8079BB-7336-464A-ABEE-AF48BE05BEF4}.Debug|iPhone.ActiveCfg = Debug|Any CPU
		{EC8079BB-7336-464A-ABEE-AF48BE05BEF4}.Debug|iPhone.Build.0 = Debug|Any CPU
		{EC8079BB-7336-464A-ABEE-AF48BE05BEF4}.Debug|iPhoneSimulator.ActiveCfg = Debug|Any CPU
		{EC8079BB-7336-464A-ABEE-AF48BE05BEF4}.Debug|iPhoneSimulator.Build.0 = Debug|Any CPU
		{EC8079BB-7336-464A-ABEE-AF48BE05BEF4}.Release|Any CPU.ActiveCfg = Release|Any CPU
		{EC8079BB-7336-464A-ABEE-AF48BE05BEF4}.Release|Any CPU.Build.0 = Release|Any CPU
		{EC8079BB-7336-464A-ABEE-AF48BE05BEF4}.Release|iPhone.ActiveCfg = Release|Any CPU
		{EC8079BB-7336-464A-ABEE-AF48BE05BEF4}.Release|iPhone.Build.0 = Release|Any CPU
		{EC8079BB-7336-464A-ABEE-AF48BE05BEF4}.Release|iPhoneSimulator.ActiveCfg = Release|Any CPU
		{EC8079BB-7336-464A-ABEE-AF48BE05BEF4}.Release|iPhoneSimulator.Build.0 = Release|Any CPU
		{B3168267-A438-45EF-AABE-916B4AB7BCC1}.Debug|Any CPU.ActiveCfg = Debug|Any CPU
		{B3168267-A438-45EF-AABE-916B4AB7BCC1}.Debug|Any CPU.Build.0 = Debug|Any CPU
		{B3168267-A438-45EF-AABE-916B4AB7BCC1}.Debug|iPhone.ActiveCfg = Debug|Any CPU
		{B3168267-A438-45EF-AABE-916B4AB7BCC1}.Debug|iPhone.Build.0 = Debug|Any CPU
		{B3168267-A438-45EF-AABE-916B4AB7BCC1}.Debug|iPhoneSimulator.ActiveCfg = Debug|Any CPU
		{B3168267-A438-45EF-AABE-916B4AB7BCC1}.Debug|iPhoneSimulator.Build.0 = Debug|Any CPU
		{B3168267-A438-45EF-AABE-916B4AB7BCC1}.Release|Any CPU.ActiveCfg = Release|Any CPU
		{B3168267-A438-45EF-AABE-916B4AB7BCC1}.Release|Any CPU.Build.0 = Release|Any CPU
		{B3168267-A438-45EF-AABE-916B4AB7BCC1}.Release|iPhone.ActiveCfg = Release|Any CPU
		{B3168267-A438-45EF-AABE-916B4AB7BCC1}.Release|iPhone.Build.0 = Release|Any CPU
		{B3168267-A438-45EF-AABE-916B4AB7BCC1}.Release|iPhoneSimulator.ActiveCfg = Release|Any CPU
		{B3168267-A438-45EF-AABE-916B4AB7BCC1}.Release|iPhoneSimulator.Build.0 = Release|Any CPU
		{950DEC01-64E2-43C2-B5D2-8F0137E17F5D}.Debug|Any CPU.ActiveCfg = Debug|Any CPU
		{950DEC01-64E2-43C2-B5D2-8F0137E17F5D}.Debug|Any CPU.Build.0 = Debug|Any CPU
		{950DEC01-64E2-43C2-B5D2-8F0137E17F5D}.Debug|iPhone.ActiveCfg = Debug|Any CPU
		{950DEC01-64E2-43C2-B5D2-8F0137E17F5D}.Debug|iPhone.Build.0 = Debug|Any CPU
		{950DEC01-64E2-43C2-B5D2-8F0137E17F5D}.Debug|iPhoneSimulator.ActiveCfg = Debug|Any CPU
		{950DEC01-64E2-43C2-B5D2-8F0137E17F5D}.Debug|iPhoneSimulator.Build.0 = Debug|Any CPU
		{950DEC01-64E2-43C2-B5D2-8F0137E17F5D}.Release|Any CPU.ActiveCfg = Release|Any CPU
		{950DEC01-64E2-43C2-B5D2-8F0137E17F5D}.Release|Any CPU.Build.0 = Release|Any CPU
		{950DEC01-64E2-43C2-B5D2-8F0137E17F5D}.Release|iPhone.ActiveCfg = Release|Any CPU
		{950DEC01-64E2-43C2-B5D2-8F0137E17F5D}.Release|iPhone.Build.0 = Release|Any CPU
		{950DEC01-64E2-43C2-B5D2-8F0137E17F5D}.Release|iPhoneSimulator.ActiveCfg = Release|Any CPU
		{950DEC01-64E2-43C2-B5D2-8F0137E17F5D}.Release|iPhoneSimulator.Build.0 = Release|Any CPU
		{2894ED02-FE8A-4E55-AD3A-DB9E1F11D7A4}.Debug|Any CPU.ActiveCfg = Debug|Any CPU
		{2894ED02-FE8A-4E55-AD3A-DB9E1F11D7A4}.Debug|Any CPU.Build.0 = Debug|Any CPU
		{2894ED02-FE8A-4E55-AD3A-DB9E1F11D7A4}.Debug|iPhone.ActiveCfg = Debug|Any CPU
		{2894ED02-FE8A-4E55-AD3A-DB9E1F11D7A4}.Debug|iPhone.Build.0 = Debug|Any CPU
		{2894ED02-FE8A-4E55-AD3A-DB9E1F11D7A4}.Debug|iPhoneSimulator.ActiveCfg = Debug|Any CPU
		{2894ED02-FE8A-4E55-AD3A-DB9E1F11D7A4}.Debug|iPhoneSimulator.Build.0 = Debug|Any CPU
		{2894ED02-FE8A-4E55-AD3A-DB9E1F11D7A4}.Release|Any CPU.ActiveCfg = Release|Any CPU
		{2894ED02-FE8A-4E55-AD3A-DB9E1F11D7A4}.Release|Any CPU.Build.0 = Release|Any CPU
		{2894ED02-FE8A-4E55-AD3A-DB9E1F11D7A4}.Release|iPhone.ActiveCfg = Release|Any CPU
		{2894ED02-FE8A-4E55-AD3A-DB9E1F11D7A4}.Release|iPhone.Build.0 = Release|Any CPU
		{2894ED02-FE8A-4E55-AD3A-DB9E1F11D7A4}.Release|iPhoneSimulator.ActiveCfg = Release|Any CPU
		{2894ED02-FE8A-4E55-AD3A-DB9E1F11D7A4}.Release|iPhoneSimulator.Build.0 = Release|Any CPU
		{D4341ADE-C9E7-496D-8C27-E08412B0DCD4}.Debug|Any CPU.ActiveCfg = Debug|Any CPU
		{D4341ADE-C9E7-496D-8C27-E08412B0DCD4}.Debug|Any CPU.Build.0 = Debug|Any CPU
		{D4341ADE-C9E7-496D-8C27-E08412B0DCD4}.Debug|iPhone.ActiveCfg = Debug|Any CPU
		{D4341ADE-C9E7-496D-8C27-E08412B0DCD4}.Debug|iPhone.Build.0 = Debug|Any CPU
		{D4341ADE-C9E7-496D-8C27-E08412B0DCD4}.Debug|iPhoneSimulator.ActiveCfg = Debug|Any CPU
		{D4341ADE-C9E7-496D-8C27-E08412B0DCD4}.Debug|iPhoneSimulator.Build.0 = Debug|Any CPU
		{D4341ADE-C9E7-496D-8C27-E08412B0DCD4}.Release|Any CPU.ActiveCfg = Release|Any CPU
		{D4341ADE-C9E7-496D-8C27-E08412B0DCD4}.Release|Any CPU.Build.0 = Release|Any CPU
		{D4341ADE-C9E7-496D-8C27-E08412B0DCD4}.Release|iPhone.ActiveCfg = Release|Any CPU
		{D4341ADE-C9E7-496D-8C27-E08412B0DCD4}.Release|iPhone.Build.0 = Release|Any CPU
		{D4341ADE-C9E7-496D-8C27-E08412B0DCD4}.Release|iPhoneSimulator.ActiveCfg = Release|Any CPU
		{D4341ADE-C9E7-496D-8C27-E08412B0DCD4}.Release|iPhoneSimulator.Build.0 = Release|Any CPU
		{8048FD55-4079-4A6E-86DA-A8FD965186BC}.Debug|Any CPU.ActiveCfg = Debug|Any CPU
		{8048FD55-4079-4A6E-86DA-A8FD965186BC}.Debug|Any CPU.Build.0 = Debug|Any CPU
		{8048FD55-4079-4A6E-86DA-A8FD965186BC}.Debug|iPhone.ActiveCfg = Debug|Any CPU
		{8048FD55-4079-4A6E-86DA-A8FD965186BC}.Debug|iPhone.Build.0 = Debug|Any CPU
		{8048FD55-4079-4A6E-86DA-A8FD965186BC}.Debug|iPhoneSimulator.ActiveCfg = Debug|Any CPU
		{8048FD55-4079-4A6E-86DA-A8FD965186BC}.Debug|iPhoneSimulator.Build.0 = Debug|Any CPU
		{8048FD55-4079-4A6E-86DA-A8FD965186BC}.Release|Any CPU.ActiveCfg = Release|Any CPU
		{8048FD55-4079-4A6E-86DA-A8FD965186BC}.Release|Any CPU.Build.0 = Release|Any CPU
		{8048FD55-4079-4A6E-86DA-A8FD965186BC}.Release|iPhone.ActiveCfg = Release|Any CPU
		{8048FD55-4079-4A6E-86DA-A8FD965186BC}.Release|iPhone.Build.0 = Release|Any CPU
		{8048FD55-4079-4A6E-86DA-A8FD965186BC}.Release|iPhoneSimulator.ActiveCfg = Release|Any CPU
		{8048FD55-4079-4A6E-86DA-A8FD965186BC}.Release|iPhoneSimulator.Build.0 = Release|Any CPU
	EndGlobalSection
	GlobalSection(SolutionProperties) = preSolution
		HideSolutionNode = FALSE
	EndGlobalSection
	GlobalSection(NestedProjects) = preSolution
		{D95D568A-2878-45C0-9A49-856513896994} = {CC9DF816-9658-418E-BC66-F40FAF357770}
		{EC8079BB-7336-464A-ABEE-AF48BE05BEF4} = {CC9DF816-9658-418E-BC66-F40FAF357770}
		{B3168267-A438-45EF-AABE-916B4AB7BCC1} = {CC9DF816-9658-418E-BC66-F40FAF357770}
		{950DEC01-64E2-43C2-B5D2-8F0137E17F5D} = {0CEFEE55-66A4-459C-8FFF-4625D392A735}
		{2894ED02-FE8A-4E55-AD3A-DB9E1F11D7A4} = {0CEFEE55-66A4-459C-8FFF-4625D392A735}
		{D4341ADE-C9E7-496D-8C27-E08412B0DCD4} = {0CEFEE55-66A4-459C-8FFF-4625D392A735}
	EndGlobalSection
	GlobalSection(ExtensibilityGlobals) = postSolution
		SolutionGuid = {A1926B1C-BAC6-4AE4-9899-EF9A404DFBEF}
	EndGlobalSection
EndGlobal
