
Microsoft Visual Studio Solution File, Format Version 12.00
# Visual Studio Version 16
VisualStudioVersion = 16.0.30225.117
MinimumVisualStudioVersion = 10.0.40219.1
Project("{9A19103F-16F7-4668-BE54-9A1E7A4F7556}") = "MtgProject.Infrastructure.Common", "MtgProject.Infrastructure.Common\MtgProject.Infrastructure.Common.csproj", "{D95D568A-2878-45C0-9A49-856513896994}"
EndProject
Project("{9A19103F-16F7-4668-BE54-9A1E7A4F7556}") = "MtgProject.DAL.EntityFramework", "MtgProject.DAL.EntityFramework\MtgProject.DAL.EntityFramework.csproj", "{EC8079BB-7336-464A-ABEE-AF48BE05BEF4}"
EndProject
Project("{9A19103F-16F7-4668-BE54-9A1E7A4F7556}") = "MtgProject.DAL.Common", "MtgProject.DAL.Common\MtgProject.DAL.Common.csproj", "{B3168267-A438-45EF-AABE-916B4AB7BCC1}"
EndProject
Project("{9A19103F-16F7-4668-BE54-9A1E7A4F7556}") = "MtgProject.GraphQL.API", "MtGProject.GraphQL.API\MtgProject.GraphQL.API.csproj", "{950DEC01-64E2-43C2-B5D2-8F0137E17F5D}"
EndProject
Project("{9A19103F-16F7-4668-BE54-9A1E7A4F7556}") = "MtgProject.BL", "MtGProject.BL\MtgProject.BL.csproj", "{8048FD55-4079-4A6E-86DA-A8FD965186BC}"
EndProject
Project("{9A19103F-16F7-4668-BE54-9A1E7A4F7556}") = "MtgProject.REST.API", "MtGProject.REST.API\MtgProject.REST.API.csproj", "{B58AA9EB-A8E9-49AC-BD4D-3F084C96D479}"
EndProject
Project("{9A19103F-16F7-4668-BE54-9A1E7A4F7556}") = "MtgProject.GraphQL.Infrastructure", "MtgProject.GraphQL.Infrastucture\MtgProject.GraphQL.Infrastructure.csproj", "{9F820F7F-0546-494D-978B-3473C3706980}"
EndProject
Project("{2150E333-8FDC-42A3-9474-1A3956D46DE8}") = "DAL", "DAL", "{5132453C-5B20-4BA8-85C8-B0C8EB32B031}"
EndProject
Project("{2150E333-8FDC-42A3-9474-1A3956D46DE8}") = "GraphQL", "GraphQL", "{87BA72E8-7FC7-4B1E-A29E-A1B661293797}"
EndProject
Project("{2150E333-8FDC-42A3-9474-1A3956D46DE8}") = "BL", "BL", "{4BEBB356-79C2-47B3-922E-5C09F6E2F132}"
EndProject
Project("{2150E333-8FDC-42A3-9474-1A3956D46DE8}") = "REST", "REST", "{2608D368-72FC-4367-B0DE-5B94A786E573}"
EndProject
Global
	GlobalSection(SolutionConfigurationPlatforms) = preSolution
		Debug|Any CPU = Debug|Any CPU
		Debug|iPhone = Debug|iPhone
		Debug|iPhoneSimulator = Debug|iPhoneSimulator
		Release|Any CPU = Release|Any CPU
		Release|iPhone = Release|iPhone
		Release|iPhoneSimulator = Release|iPhoneSimulator
	EndGlobalSection
	GlobalSection(ProjectConfigurationPlatforms) = postSolution
		{D95D568A-2878-45C0-9A49-856513896994}.Debug|Any CPU.ActiveCfg = Debug|Any CPU
		{D95D568A-2878-45C0-9A49-856513896994}.Debug|Any CPU.Build.0 = Debug|Any CPU
		{D95D568A-2878-45C0-9A49-856513896994}.Debug|iPhone.ActiveCfg = Debug|Any CPU
		{D95D568A-2878-45C0-9A49-856513896994}.Debug|iPhone.Build.0 = Debug|Any CPU
		{D95D568A-2878-45C0-9A49-856513896994}.Debug|iPhoneSimulator.ActiveCfg = Debug|Any CPU
		{D95D568A-2878-45C0-9A49-856513896994}.Debug|iPhoneSimulator.Build.0 = Debug|Any CPU
		{D95D568A-2878-45C0-9A49-856513896994}.Release|Any CPU.ActiveCfg = Release|Any CPU
		{D95D568A-2878-45C0-9A49-856513896994}.Release|Any CPU.Build.0 = Release|Any CPU
		{D95D568A-2878-45C0-9A49-856513896994}.Release|iPhone.ActiveCfg = Release|Any CPU
		{D95D568A-2878-45C0-9A49-856513896994}.Release|iPhone.Build.0 = Release|Any CPU
		{D95D568A-2878-45C0-9A49-856513896994}.Release|iPhoneSimulator.ActiveCfg = Release|Any CPU
		{D95D568A-2878-45C0-9A49-856513896994}.Release|iPhoneSimulator.Build.0 = Release|Any CPU
		{EC8079BB-7336-464A-ABEE-AF48BE05BEF4}.Debug|Any CPU.ActiveCfg = Debug|Any CPU
		{EC8079BB-7336-464A-ABEE-AF48BE05BEF4}.Debug|Any CPU.Build.0 = Debug|Any CPU
		{EC8079BB-7336-464A-ABEE-AF48BE05BEF4}.Debug|iPhone.ActiveCfg = Debug|Any CPU
		{EC8079BB-7336-464A-ABEE-AF48BE05BEF4}.Debug|iPhone.Build.0 = Debug|Any CPU
		{EC8079BB-7336-464A-ABEE-AF48BE05BEF4}.Debug|iPhoneSimulator.ActiveCfg = Debug|Any CPU
		{EC8079BB-7336-464A-ABEE-AF48BE05BEF4}.Debug|iPhoneSimulator.Build.0 = Debug|Any CPU
		{EC8079BB-7336-464A-ABEE-AF48BE05BEF4}.Release|Any CPU.ActiveCfg = Release|Any CPU
		{EC8079BB-7336-464A-ABEE-AF48BE05BEF4}.Release|Any CPU.Build.0 = Release|Any CPU
		{EC8079BB-7336-464A-ABEE-AF48BE05BEF4}.Release|iPhone.ActiveCfg = Release|Any CPU
		{EC8079BB-7336-464A-ABEE-AF48BE05BEF4}.Release|iPhone.Build.0 = Release|Any CPU
		{EC8079BB-7336-464A-ABEE-AF48BE05BEF4}.Release|iPhoneSimulator.ActiveCfg = Release|Any CPU
		{EC8079BB-7336-464A-ABEE-AF48BE05BEF4}.Release|iPhoneSimulator.Build.0 = Release|Any CPU
		{B3168267-A438-45EF-AABE-916B4AB7BCC1}.Debug|Any CPU.ActiveCfg = Debug|Any CPU
		{B3168267-A438-45EF-AABE-916B4AB7BCC1}.Debug|Any CPU.Build.0 = Debug|Any CPU
		{B3168267-A438-45EF-AABE-916B4AB7BCC1}.Debug|iPhone.ActiveCfg = Debug|Any CPU
		{B3168267-A438-45EF-AABE-916B4AB7BCC1}.Debug|iPhone.Build.0 = Debug|Any CPU
		{B3168267-A438-45EF-AABE-916B4AB7BCC1}.Debug|iPhoneSimulator.ActiveCfg = Debug|Any CPU
		{B3168267-A438-45EF-AABE-916B4AB7BCC1}.Debug|iPhoneSimulator.Build.0 = Debug|Any CPU
		{B3168267-A438-45EF-AABE-916B4AB7BCC1}.Release|Any CPU.ActiveCfg = Release|Any CPU
		{B3168267-A438-45EF-AABE-916B4AB7BCC1}.Release|Any CPU.Build.0 = Release|Any CPU
		{B3168267-A438-45EF-AABE-916B4AB7BCC1}.Release|iPhone.ActiveCfg = Release|Any CPU
		{B3168267-A438-45EF-AABE-916B4AB7BCC1}.Release|iPhone.Build.0 = Release|Any CPU
		{B3168267-A438-45EF-AABE-916B4AB7BCC1}.Release|iPhoneSimulator.ActiveCfg = Release|Any CPU
		{B3168267-A438-45EF-AABE-916B4AB7BCC1}.Release|iPhoneSimulator.Build.0 = Release|Any CPU
		{950DEC01-64E2-43C2-B5D2-8F0137E17F5D}.Debug|Any CPU.ActiveCfg = Debug|Any CPU
		{950DEC01-64E2-43C2-B5D2-8F0137E17F5D}.Debug|Any CPU.Build.0 = Debug|Any CPU
		{950DEC01-64E2-43C2-B5D2-8F0137E17F5D}.Debug|iPhone.ActiveCfg = Debug|Any CPU
		{950DEC01-64E2-43C2-B5D2-8F0137E17F5D}.Debug|iPhone.Build.0 = Debug|Any CPU
		{950DEC01-64E2-43C2-B5D2-8F0137E17F5D}.Debug|iPhoneSimulator.ActiveCfg = Debug|Any CPU
		{950DEC01-64E2-43C2-B5D2-8F0137E17F5D}.Debug|iPhoneSimulator.Build.0 = Debug|Any CPU
		{950DEC01-64E2-43C2-B5D2-8F0137E17F5D}.Release|Any CPU.ActiveCfg = Release|Any CPU
		{950DEC01-64E2-43C2-B5D2-8F0137E17F5D}.Release|Any CPU.Build.0 = Release|Any CPU
		{950DEC01-64E2-43C2-B5D2-8F0137E17F5D}.Release|iPhone.ActiveCfg = Release|Any CPU
		{950DEC01-64E2-43C2-B5D2-8F0137E17F5D}.Release|iPhone.Build.0 = Release|Any CPU
		{950DEC01-64E2-43C2-B5D2-8F0137E17F5D}.Release|iPhoneSimulator.ActiveCfg = Release|Any CPU
		{950DEC01-64E2-43C2-B5D2-8F0137E17F5D}.Release|iPhoneSimulator.Build.0 = Release|Any CPU
		{8048FD55-4079-4A6E-86DA-A8FD965186BC}.Debug|Any CPU.ActiveCfg = Debug|Any CPU
		{8048FD55-4079-4A6E-86DA-A8FD965186BC}.Debug|Any CPU.Build.0 = Debug|Any CPU
		{8048FD55-4079-4A6E-86DA-A8FD965186BC}.Debug|iPhone.ActiveCfg = Debug|Any CPU
		{8048FD55-4079-4A6E-86DA-A8FD965186BC}.Debug|iPhone.Build.0 = Debug|Any CPU
		{8048FD55-4079-4A6E-86DA-A8FD965186BC}.Debug|iPhoneSimulator.ActiveCfg = Debug|Any CPU
		{8048FD55-4079-4A6E-86DA-A8FD965186BC}.Debug|iPhoneSimulator.Build.0 = Debug|Any CPU
		{8048FD55-4079-4A6E-86DA-A8FD965186BC}.Release|Any CPU.ActiveCfg = Release|Any CPU
		{8048FD55-4079-4A6E-86DA-A8FD965186BC}.Release|Any CPU.Build.0 = Release|Any CPU
		{8048FD55-4079-4A6E-86DA-A8FD965186BC}.Release|iPhone.ActiveCfg = Release|Any CPU
		{8048FD55-4079-4A6E-86DA-A8FD965186BC}.Release|iPhone.Build.0 = Release|Any CPU
		{8048FD55-4079-4A6E-86DA-A8FD965186BC}.Release|iPhoneSimulator.ActiveCfg = Release|Any CPU
		{8048FD55-4079-4A6E-86DA-A8FD965186BC}.Release|iPhoneSimulator.Build.0 = Release|Any CPU
		{B58AA9EB-A8E9-49AC-BD4D-3F084C96D479}.Debug|Any CPU.ActiveCfg = Debug|Any CPU
		{B58AA9EB-A8E9-49AC-BD4D-3F084C96D479}.Debug|Any CPU.Build.0 = Debug|Any CPU
		{B58AA9EB-A8E9-49AC-BD4D-3F084C96D479}.Debug|iPhone.ActiveCfg = Debug|Any CPU
		{B58AA9EB-A8E9-49AC-BD4D-3F084C96D479}.Debug|iPhone.Build.0 = Debug|Any CPU
		{B58AA9EB-A8E9-49AC-BD4D-3F084C96D479}.Debug|iPhoneSimulator.ActiveCfg = Debug|Any CPU
		{B58AA9EB-A8E9-49AC-BD4D-3F084C96D479}.Debug|iPhoneSimulator.Build.0 = Debug|Any CPU
		{B58AA9EB-A8E9-49AC-BD4D-3F084C96D479}.Release|Any CPU.ActiveCfg = Release|Any CPU
		{B58AA9EB-A8E9-49AC-BD4D-3F084C96D479}.Release|Any CPU.Build.0 = Release|Any CPU
		{B58AA9EB-A8E9-49AC-BD4D-3F084C96D479}.Release|iPhone.ActiveCfg = Release|Any CPU
		{B58AA9EB-A8E9-49AC-BD4D-3F084C96D479}.Release|iPhone.Build.0 = Release|Any CPU
		{B58AA9EB-A8E9-49AC-BD4D-3F084C96D479}.Release|iPhoneSimulator.ActiveCfg = Release|Any CPU
		{B58AA9EB-A8E9-49AC-BD4D-3F084C96D479}.Release|iPhoneSimulator.Build.0 = Release|Any CPU
		{9F820F7F-0546-494D-978B-3473C3706980}.Debug|Any CPU.ActiveCfg = Debug|Any CPU
		{9F820F7F-0546-494D-978B-3473C3706980}.Debug|Any CPU.Build.0 = Debug|Any CPU
		{9F820F7F-0546-494D-978B-3473C3706980}.Debug|iPhone.ActiveCfg = Debug|Any CPU
		{9F820F7F-0546-494D-978B-3473C3706980}.Debug|iPhone.Build.0 = Debug|Any CPU
		{9F820F7F-0546-494D-978B-3473C3706980}.Debug|iPhoneSimulator.ActiveCfg = Debug|Any CPU
		{9F820F7F-0546-494D-978B-3473C3706980}.Debug|iPhoneSimulator.Build.0 = Debug|Any CPU
		{9F820F7F-0546-494D-978B-3473C3706980}.Release|Any CPU.ActiveCfg = Release|Any CPU
		{9F820F7F-0546-494D-978B-3473C3706980}.Release|Any CPU.Build.0 = Release|Any CPU
		{9F820F7F-0546-494D-978B-3473C3706980}.Release|iPhone.ActiveCfg = Release|Any CPU
		{9F820F7F-0546-494D-978B-3473C3706980}.Release|iPhone.Build.0 = Release|Any CPU
		{9F820F7F-0546-494D-978B-3473C3706980}.Release|iPhoneSimulator.ActiveCfg = Release|Any CPU
		{9F820F7F-0546-494D-978B-3473C3706980}.Release|iPhoneSimulator.Build.0 = Release|Any CPU
	EndGlobalSection
	GlobalSection(SolutionProperties) = preSolution
		HideSolutionNode = FALSE
	EndGlobalSection
	GlobalSection(NestedProjects) = preSolution
		{D95D568A-2878-45C0-9A49-856513896994} = {5132453C-5B20-4BA8-85C8-B0C8EB32B031}
		{EC8079BB-7336-464A-ABEE-AF48BE05BEF4} = {5132453C-5B20-4BA8-85C8-B0C8EB32B031}
		{B3168267-A438-45EF-AABE-916B4AB7BCC1} = {5132453C-5B20-4BA8-85C8-B0C8EB32B031}
		{950DEC01-64E2-43C2-B5D2-8F0137E17F5D} = {87BA72E8-7FC7-4B1E-A29E-A1B661293797}
		{8048FD55-4079-4A6E-86DA-A8FD965186BC} = {4BEBB356-79C2-47B3-922E-5C09F6E2F132}
		{B58AA9EB-A8E9-49AC-BD4D-3F084C96D479} = {2608D368-72FC-4367-B0DE-5B94A786E573}
		{9F820F7F-0546-494D-978B-3473C3706980} = {87BA72E8-7FC7-4B1E-A29E-A1B661293797}
	EndGlobalSection
	GlobalSection(ExtensibilityGlobals) = postSolution
		SolutionGuid = {A1926B1C-BAC6-4AE4-9899-EF9A404DFBEF}
	EndGlobalSection
EndGlobal
